
Microsoft Visual Studio Solution File, Format Version 12.00
# Visual Studio Version 16
VisualStudioVersion = 16.0.29021.104
MinimumVisualStudioVersion = 10.0.40219.1
Project("{8BC9CEB8-8B4A-11D0-8D11-00A0C91BC942}") = "test(10)", "test(10)\test(10).vcxproj", "{8B5476E3-4F3D-46E1-9A03-F147ED62E201}"
EndProject
Global
	GlobalSection(SolutionConfigurationPlatforms) = preSolution
		Debug|x64 = Debug|x64
		Debug|x86 = Debug|x86
		Release|x64 = Release|x64
		Release|x86 = Release|x86
	EndGlobalSection
	GlobalSection(ProjectConfigurationPlatforms) = postSolution
		{8B5476E3-4F3D-46E1-9A03-F147ED62E201}.Debug|x64.ActiveCfg = Debug|x64
		{8B5476E3-4F3D-46E1-9A03-F147ED62E201}.Debug|x64.Build.0 = Debug|x64
		{8B5476E3-4F3D-46E1-9A03-F147ED62E201}.Debug|x86.ActiveCfg = Debug|Win32
		{8B5476E3-4F3D-46E1-9A03-F147ED62E201}.Debug|x86.Build.0 = Debug|Win32
		{8B5476E3-4F3D-46E1-9A03-F147ED62E201}.Release|x64.ActiveCfg = Release|x64
		{8B5476E3-4F3D-46E1-9A03-F147ED62E201}.Release|x64.Build.0 = Release|x64
		{8B5476E3-4F3D-46E1-9A03-F147ED62E201}.Release|x86.ActiveCfg = Release|Win32
		{8B5476E3-4F3D-46E1-9A03-F147ED62E201}.Release|x86.Build.0 = Release|Win32
	EndGlobalSection
	GlobalSection(SolutionProperties) = preSolution
		HideSolutionNode = FALSE
	EndGlobalSection
	GlobalSection(ExtensibilityGlobals) = postSolution
		SolutionGuid = {3B1ECD4F-8B15-4410-A56C-E08727D08345}
	EndGlobalSection
EndGlobal
