
Microsoft Visual Studio Solution File, Format Version 12.00
# Visual Studio Version 16
VisualStudioVersion = 16.0.29021.104
MinimumVisualStudioVersion = 10.0.40219.1
Project("{8BC9CEB8-8B4A-11D0-8D11-00A0C91BC942}") = "DS(10)", "DS(10)\DS(10).vcxproj", "{32BCA296-4130-45CF-8888-979AF5AEA623}"
EndProject
Global
	GlobalSection(SolutionConfigurationPlatforms) = preSolution
		Debug|x64 = Debug|x64
		Debug|x86 = Debug|x86
		Release|x64 = Release|x64
		Release|x86 = Release|x86
	EndGlobalSection
	GlobalSection(ProjectConfigurationPlatforms) = postSolution
		{32BCA296-4130-45CF-8888-979AF5AEA623}.Debug|x64.ActiveCfg = Debug|x64
		{32BCA296-4130-45CF-8888-979AF5AEA623}.Debug|x64.Build.0 = Debug|x64
		{32BCA296-4130-45CF-8888-979AF5AEA623}.Debug|x86.ActiveCfg = Debug|Win32
		{32BCA296-4130-45CF-8888-979AF5AEA623}.Debug|x86.Build.0 = Debug|Win32
		{32BCA296-4130-45CF-8888-979AF5AEA623}.Release|x64.ActiveCfg = Release|x64
		{32BCA296-4130-45CF-8888-979AF5AEA623}.Release|x64.Build.0 = Release|x64
		{32BCA296-4130-45CF-8888-979AF5AEA623}.Release|x86.ActiveCfg = Release|Win32
		{32BCA296-4130-45CF-8888-979AF5AEA623}.Release|x86.Build.0 = Release|Win32
	EndGlobalSection
	GlobalSection(SolutionProperties) = preSolution
		HideSolutionNode = FALSE
	EndGlobalSection
	GlobalSection(ExtensibilityGlobals) = postSolution
		SolutionGuid = {921D8C25-D9B9-44D1-83D4-5C3E116A8FDE}
	EndGlobalSection
EndGlobal
