
Microsoft Visual Studio Solution File, Format Version 12.00
# Visual Studio Version 16
VisualStudioVersion = 16.0.29021.104
MinimumVisualStudioVersion = 10.0.40219.1
Project("{8BC9CEB8-8B4A-11D0-8D11-00A0C91BC942}") = "DS(30)", "DS(30)\DS(30).vcxproj", "{20EED5CD-939A-4D15-AD9E-4DCFC86499A1}"
EndProject
Global
	GlobalSection(SolutionConfigurationPlatforms) = preSolution
		Debug|x64 = Debug|x64
		Debug|x86 = Debug|x86
		Release|x64 = Release|x64
		Release|x86 = Release|x86
	EndGlobalSection
	GlobalSection(ProjectConfigurationPlatforms) = postSolution
		{20EED5CD-939A-4D15-AD9E-4DCFC86499A1}.Debug|x64.ActiveCfg = Debug|x64
		{20EED5CD-939A-4D15-AD9E-4DCFC86499A1}.Debug|x64.Build.0 = Debug|x64
		{20EED5CD-939A-4D15-AD9E-4DCFC86499A1}.Debug|x86.ActiveCfg = Debug|Win32
		{20EED5CD-939A-4D15-AD9E-4DCFC86499A1}.Debug|x86.Build.0 = Debug|Win32
		{20EED5CD-939A-4D15-AD9E-4DCFC86499A1}.Release|x64.ActiveCfg = Release|x64
		{20EED5CD-939A-4D15-AD9E-4DCFC86499A1}.Release|x64.Build.0 = Release|x64
		{20EED5CD-939A-4D15-AD9E-4DCFC86499A1}.Release|x86.ActiveCfg = Release|Win32
		{20EED5CD-939A-4D15-AD9E-4DCFC86499A1}.Release|x86.Build.0 = Release|Win32
	EndGlobalSection
	GlobalSection(SolutionProperties) = preSolution
		HideSolutionNode = FALSE
	EndGlobalSection
	GlobalSection(ExtensibilityGlobals) = postSolution
		SolutionGuid = {B2E15EB5-1E7A-4581-88D2-29BB79BFED12}
	EndGlobalSection
EndGlobal
