
Microsoft Visual Studio Solution File, Format Version 12.00
# Visual Studio Version 16
VisualStudioVersion = 16.0.29021.104
MinimumVisualStudioVersion = 10.0.40219.1
Project("{8BC9CEB8-8B4A-11D0-8D11-00A0C91BC942}") = "DS(37)", "DS(37)\DS(37).vcxproj", "{449591D7-D00C-47DA-9C43-D09C3F170E15}"
EndProject
Global
	GlobalSection(SolutionConfigurationPlatforms) = preSolution
		Debug|x64 = Debug|x64
		Debug|x86 = Debug|x86
		Release|x64 = Release|x64
		Release|x86 = Release|x86
	EndGlobalSection
	GlobalSection(ProjectConfigurationPlatforms) = postSolution
		{449591D7-D00C-47DA-9C43-D09C3F170E15}.Debug|x64.ActiveCfg = Debug|x64
		{449591D7-D00C-47DA-9C43-D09C3F170E15}.Debug|x64.Build.0 = Debug|x64
		{449591D7-D00C-47DA-9C43-D09C3F170E15}.Debug|x86.ActiveCfg = Debug|Win32
		{449591D7-D00C-47DA-9C43-D09C3F170E15}.Debug|x86.Build.0 = Debug|Win32
		{449591D7-D00C-47DA-9C43-D09C3F170E15}.Release|x64.ActiveCfg = Release|x64
		{449591D7-D00C-47DA-9C43-D09C3F170E15}.Release|x64.Build.0 = Release|x64
		{449591D7-D00C-47DA-9C43-D09C3F170E15}.Release|x86.ActiveCfg = Release|Win32
		{449591D7-D00C-47DA-9C43-D09C3F170E15}.Release|x86.Build.0 = Release|Win32
	EndGlobalSection
	GlobalSection(SolutionProperties) = preSolution
		HideSolutionNode = FALSE
	EndGlobalSection
	GlobalSection(ExtensibilityGlobals) = postSolution
		SolutionGuid = {C93704C4-6BF9-4659-B65D-42785674EEE6}
	EndGlobalSection
EndGlobal
