
Microsoft Visual Studio Solution File, Format Version 12.00
# Visual Studio Version 16
VisualStudioVersion = 16.0.29021.104
MinimumVisualStudioVersion = 10.0.40219.1
Project("{8BC9CEB8-8B4A-11D0-8D11-00A0C91BC942}") = "test(49)", "test(49)\test(49).vcxproj", "{34065F3F-7DB4-49B8-86A4-AF91B0E8FEFC}"
EndProject
Global
	GlobalSection(SolutionConfigurationPlatforms) = preSolution
		Debug|x64 = Debug|x64
		Debug|x86 = Debug|x86
		Release|x64 = Release|x64
		Release|x86 = Release|x86
	EndGlobalSection
	GlobalSection(ProjectConfigurationPlatforms) = postSolution
		{34065F3F-7DB4-49B8-86A4-AF91B0E8FEFC}.Debug|x64.ActiveCfg = Debug|x64
		{34065F3F-7DB4-49B8-86A4-AF91B0E8FEFC}.Debug|x64.Build.0 = Debug|x64
		{34065F3F-7DB4-49B8-86A4-AF91B0E8FEFC}.Debug|x86.ActiveCfg = Debug|Win32
		{34065F3F-7DB4-49B8-86A4-AF91B0E8FEFC}.Debug|x86.Build.0 = Debug|Win32
		{34065F3F-7DB4-49B8-86A4-AF91B0E8FEFC}.Release|x64.ActiveCfg = Release|x64
		{34065F3F-7DB4-49B8-86A4-AF91B0E8FEFC}.Release|x64.Build.0 = Release|x64
		{34065F3F-7DB4-49B8-86A4-AF91B0E8FEFC}.Release|x86.ActiveCfg = Release|Win32
		{34065F3F-7DB4-49B8-86A4-AF91B0E8FEFC}.Release|x86.Build.0 = Release|Win32
	EndGlobalSection
	GlobalSection(SolutionProperties) = preSolution
		HideSolutionNode = FALSE
	EndGlobalSection
	GlobalSection(ExtensibilityGlobals) = postSolution
		SolutionGuid = {586A8010-B368-4555-A1C3-5667B89FCF20}
	EndGlobalSection
EndGlobal
